
Microsoft Visual Studio Solution File, Format Version 12.00
# Visual Studio Version 16
VisualStudioVersion = 16.0.29728.190
MinimumVisualStudioVersion = 10.0.40219.1
Project("{9A19103F-16F7-4668-BE54-9A1E7A4F7556}") = "ToyRobotLibrary", "ToyRobotLibrary\ToyRobotLibrary.csproj", "{4461AFAE-0546-4941-B54D-D4FB58B9937C}"
EndProject
Project("{9A19103F-16F7-4668-BE54-9A1E7A4F7556}") = "ToyRobotLibraryTests", "ToyRobotLibraryTests\ToyRobotLibraryTests.csproj", "{7C4C88CF-56FE-4C19-8FFD-85A7EC0E9901}"
EndProject
Project("{FAE04EC0-301F-11D3-BF4B-00C04F79EFBC}") = "ToyRobotConsole", "ToyRobotConsole\ToyRobotConsole.csproj", "{03CDEFDC-521F-4E43-A525-4B71FC80FB60}"
EndProject
Global
	GlobalSection(SolutionConfigurationPlatforms) = preSolution
		Debug|Any CPU = Debug|Any CPU
		Release|Any CPU = Release|Any CPU
	EndGlobalSection
	GlobalSection(ProjectConfigurationPlatforms) = postSolution
		{4461AFAE-0546-4941-B54D-D4FB58B9937C}.Debug|Any CPU.ActiveCfg = Debug|Any CPU
		{4461AFAE-0546-4941-B54D-D4FB58B9937C}.Debug|Any CPU.Build.0 = Debug|Any CPU
		{4461AFAE-0546-4941-B54D-D4FB58B9937C}.Release|Any CPU.ActiveCfg = Release|Any CPU
		{4461AFAE-0546-4941-B54D-D4FB58B9937C}.Release|Any CPU.Build.0 = Release|Any CPU
		{7C4C88CF-56FE-4C19-8FFD-85A7EC0E9901}.Debug|Any CPU.ActiveCfg = Debug|Any CPU
		{7C4C88CF-56FE-4C19-8FFD-85A7EC0E9901}.Debug|Any CPU.Build.0 = Debug|Any CPU
		{7C4C88CF-56FE-4C19-8FFD-85A7EC0E9901}.Release|Any CPU.ActiveCfg = Release|Any CPU
		{7C4C88CF-56FE-4C19-8FFD-85A7EC0E9901}.Release|Any CPU.Build.0 = Release|Any CPU
		{03CDEFDC-521F-4E43-A525-4B71FC80FB60}.Debug|Any CPU.ActiveCfg = Debug|Any CPU
		{03CDEFDC-521F-4E43-A525-4B71FC80FB60}.Debug|Any CPU.Build.0 = Debug|Any CPU
		{03CDEFDC-521F-4E43-A525-4B71FC80FB60}.Release|Any CPU.ActiveCfg = Release|Any CPU
		{03CDEFDC-521F-4E43-A525-4B71FC80FB60}.Release|Any CPU.Build.0 = Release|Any CPU
	EndGlobalSection
	GlobalSection(SolutionProperties) = preSolution
		HideSolutionNode = FALSE
	EndGlobalSection
	GlobalSection(ExtensibilityGlobals) = postSolution
		SolutionGuid = {624D5390-8A84-4FB6-A3EF-94E497004AD2}
	EndGlobalSection
EndGlobal
